
Microsoft Visual Studio Solution File, Format Version 12.00
# Visual Studio 14
VisualStudioVersion = 14.0.25420.1
MinimumVisualStudioVersion = 10.0.40219.1
Project("{FAE04EC0-301F-11D3-BF4B-00C04F79EFBC}") = "CSharpGeneratorForProton", "CSharpGeneratorForProton\CSharpGeneratorForProton.csproj", "{218BA034-0829-4CB5-86D1-F38F04293208}"
EndProject
Project("{FAE04EC0-301F-11D3-BF4B-00C04F79EFBC}") = "Example", "Example\Example.csproj", "{0160F377-B8E4-45C2-B5A7-65F53B8E6E68}"
EndProject
Global
	GlobalSection(SolutionConfigurationPlatforms) = preSolution
		Debug|Any CPU = Debug|Any CPU
		Release|Any CPU = Release|Any CPU
	EndGlobalSection
	GlobalSection(ProjectConfigurationPlatforms) = postSolution
		{218BA034-0829-4CB5-86D1-F38F04293208}.Debug|Any CPU.ActiveCfg = Debug|Any CPU
		{218BA034-0829-4CB5-86D1-F38F04293208}.Debug|Any CPU.Build.0 = Debug|Any CPU
		{218BA034-0829-4CB5-86D1-F38F04293208}.Release|Any CPU.ActiveCfg = Release|Any CPU
		{218BA034-0829-4CB5-86D1-F38F04293208}.Release|Any CPU.Build.0 = Release|Any CPU
		{0160F377-B8E4-45C2-B5A7-65F53B8E6E68}.Debug|Any CPU.ActiveCfg = Debug|Any CPU
		{0160F377-B8E4-45C2-B5A7-65F53B8E6E68}.Debug|Any CPU.Build.0 = Debug|Any CPU
		{0160F377-B8E4-45C2-B5A7-65F53B8E6E68}.Release|Any CPU.ActiveCfg = Release|Any CPU
		{0160F377-B8E4-45C2-B5A7-65F53B8E6E68}.Release|Any CPU.Build.0 = Release|Any CPU
	EndGlobalSection
	GlobalSection(SolutionProperties) = preSolution
		HideSolutionNode = FALSE
	EndGlobalSection
EndGlobal
